
Microsoft Visual Studio Solution File, Format Version 12.00
# Visual Studio 15
VisualStudioVersion = 15.0.27428.2037
MinimumVisualStudioVersion = 10.0.40219.1
Project("{FAE04EC0-301F-11D3-BF4B-00C04F79EFBC}") = "Döngüler_While", "Döngüler_While\Döngüler_While.csproj", "{DF980871-1738-4EDA-B6B4-12D1C8A79632}"
EndProject
Global
	GlobalSection(SolutionConfigurationPlatforms) = preSolution
		Debug|Any CPU = Debug|Any CPU
		Release|Any CPU = Release|Any CPU
	EndGlobalSection
	GlobalSection(ProjectConfigurationPlatforms) = postSolution
		{DF980871-1738-4EDA-B6B4-12D1C8A79632}.Debug|Any CPU.ActiveCfg = Debug|Any CPU
		{DF980871-1738-4EDA-B6B4-12D1C8A79632}.Debug|Any CPU.Build.0 = Debug|Any CPU
		{DF980871-1738-4EDA-B6B4-12D1C8A79632}.Release|Any CPU.ActiveCfg = Release|Any CPU
		{DF980871-1738-4EDA-B6B4-12D1C8A79632}.Release|Any CPU.Build.0 = Release|Any CPU
	EndGlobalSection
	GlobalSection(SolutionProperties) = preSolution
		HideSolutionNode = FALSE
	EndGlobalSection
	GlobalSection(ExtensibilityGlobals) = postSolution
		SolutionGuid = {8CB6588E-A0B8-40E3-BE97-D1E4B77F7A05}
	EndGlobalSection
EndGlobal
